
Microsoft Visual Studio Solution File, Format Version 12.00
# Visual Studio 15
VisualStudioVersion = 15.0.27703.2042
MinimumVisualStudioVersion = 10.0.40219.1
Project("{FAE04EC0-301F-11D3-BF4B-00C04F79EFBC}") = "Flat_APP_Boilerplate", "Flat_APP_Boilerplate\Flat_APP_Boilerplate.csproj", "{EA914551-A22B-48FC-B08D-4DEDCA755355}"
EndProject
Global
	GlobalSection(SolutionConfigurationPlatforms) = preSolution
		Debug|Any CPU = Debug|Any CPU
		Release|Any CPU = Release|Any CPU
	EndGlobalSection
	GlobalSection(ProjectConfigurationPlatforms) = postSolution
		{EA914551-A22B-48FC-B08D-4DEDCA755355}.Debug|Any CPU.ActiveCfg = Debug|Any CPU
		{EA914551-A22B-48FC-B08D-4DEDCA755355}.Debug|Any CPU.Build.0 = Debug|Any CPU
		{EA914551-A22B-48FC-B08D-4DEDCA755355}.Release|Any CPU.ActiveCfg = Release|Any CPU
		{EA914551-A22B-48FC-B08D-4DEDCA755355}.Release|Any CPU.Build.0 = Release|Any CPU
	EndGlobalSection
	GlobalSection(SolutionProperties) = preSolution
		HideSolutionNode = FALSE
	EndGlobalSection
	GlobalSection(ExtensibilityGlobals) = postSolution
		SolutionGuid = {9BE2891D-BA8F-4852-9997-456C8587385F}
	EndGlobalSection
EndGlobal
